# THIS IS AN AUTOGENERATED FILE. DO NOT EDIT THIS FILE DIRECTLY.
# yarn lockfile v1


dom-to-image@^2.6.0:
  version "2.6.0"
  resolved "https://registry.yarnpkg.com/dom-to-image/-/dom-to-image-2.6.0.tgz#8a503608088c87b1c22f9034ae032e1898955867"
  integrity sha1-ilA2CAiMh7HCL5A0rgMuGJiVWGc=

heatmap.js@^2.0.5:
  version "2.0.5"
  resolved "https://registry.yarnpkg.com/heatmap.js/-/heatmap.js-2.0.5.tgz#466d3b86513f5d49112a49d25700ab2730149153"
  integrity sha1-Rm07hlE/XUkRKknSVwCrJzAUkVM=
